
Microsoft Visual Studio Solution File, Format Version 12.00
# Visual Studio Version 16
VisualStudioVersion = 16.0.30717.126
MinimumVisualStudioVersion = 10.0.40219.1
Project("{FAE04EC0-301F-11D3-BF4B-00C04F79EFBC}") = "Gissatal-Console", "Gissatal-Console\Gissatal-Console.csproj", "{743CAC36-3D3C-4F16-8D8A-795D5A674978}"
EndProject
Project("{FAE04EC0-301F-11D3-BF4B-00C04F79EFBC}") = "Gissatal-Grafisk", "Gissatal-Grafisk\Gissatal-Grafisk.csproj", "{D017EE8F-5483-40EB-9339-38FA0A7C5C62}"
EndProject
Global
	GlobalSection(SolutionConfigurationPlatforms) = preSolution
		Debug|Any CPU = Debug|Any CPU
		Release|Any CPU = Release|Any CPU
	EndGlobalSection
	GlobalSection(ProjectConfigurationPlatforms) = postSolution
		{743CAC36-3D3C-4F16-8D8A-795D5A674978}.Debug|Any CPU.ActiveCfg = Debug|Any CPU
		{743CAC36-3D3C-4F16-8D8A-795D5A674978}.Debug|Any CPU.Build.0 = Debug|Any CPU
		{743CAC36-3D3C-4F16-8D8A-795D5A674978}.Release|Any CPU.ActiveCfg = Release|Any CPU
		{743CAC36-3D3C-4F16-8D8A-795D5A674978}.Release|Any CPU.Build.0 = Release|Any CPU
		{D017EE8F-5483-40EB-9339-38FA0A7C5C62}.Debug|Any CPU.ActiveCfg = Debug|Any CPU
		{D017EE8F-5483-40EB-9339-38FA0A7C5C62}.Debug|Any CPU.Build.0 = Debug|Any CPU
		{D017EE8F-5483-40EB-9339-38FA0A7C5C62}.Release|Any CPU.ActiveCfg = Release|Any CPU
		{D017EE8F-5483-40EB-9339-38FA0A7C5C62}.Release|Any CPU.Build.0 = Release|Any CPU
	EndGlobalSection
	GlobalSection(SolutionProperties) = preSolution
		HideSolutionNode = FALSE
	EndGlobalSection
	GlobalSection(ExtensibilityGlobals) = postSolution
		SolutionGuid = {57D8307B-85BF-4752-8EE8-5D37C0B221D9}
	EndGlobalSection
EndGlobal
